
Microsoft Visual Studio Solution File, Format Version 12.00
# Visual Studio Version 16
VisualStudioVersion = 16.0.31005.135
MinimumVisualStudioVersion = 10.0.40219.1
Project("{FAE04EC0-301F-11D3-BF4B-00C04F79EFBC}") = "Forza_Metal", "Forza_Metal\Forza_Metal.csproj", "{0DDDD068-753B-4F34-8D73-B1AC9CED1EBF}"
EndProject
Global
	GlobalSection(SolutionConfigurationPlatforms) = preSolution
		Debug|Any CPU = Debug|Any CPU
		Release|Any CPU = Release|Any CPU
	EndGlobalSection
	GlobalSection(ProjectConfigurationPlatforms) = postSolution
		{0DDDD068-753B-4F34-8D73-B1AC9CED1EBF}.Debug|Any CPU.ActiveCfg = Debug|Any CPU
		{0DDDD068-753B-4F34-8D73-B1AC9CED1EBF}.Debug|Any CPU.Build.0 = Debug|Any CPU
		{0DDDD068-753B-4F34-8D73-B1AC9CED1EBF}.Release|Any CPU.ActiveCfg = Release|Any CPU
		{0DDDD068-753B-4F34-8D73-B1AC9CED1EBF}.Release|Any CPU.Build.0 = Release|Any CPU
	EndGlobalSection
	GlobalSection(SolutionProperties) = preSolution
		HideSolutionNode = FALSE
	EndGlobalSection
	GlobalSection(ExtensibilityGlobals) = postSolution
		SolutionGuid = {2B584089-A718-4E32-B479-D2F5385898EC}
	EndGlobalSection
EndGlobal
